version = 1
requires-python = ">=3.7"

[[package]]
name = "awscliv2"
version = "2.3.0"
source = { editable = "." }
dependencies = [
    { name = "importlib-metadata", marker = "python_full_version < '3.8'" },
]

[package.optional-dependencies]
build = [
    { name = "setuptools" },
]

[package.dev-dependencies]
dev = [
    { name = "types-setuptools" },
]

[package.metadata]
requires-dist = [
    { name = "importlib-metadata", marker = "python_full_version < '3.8'" },
    { name = "setuptools", marker = "extra == 'build'" },
]

[package.metadata.requires-dev]
dev = [{ name = "types-setuptools" }]

[[package]]
name = "importlib-metadata"
version = "6.7.0"
source = { registry = "https://pypi.org/simple" }
dependencies = [
    { name = "typing-extensions", marker = "python_full_version < '3.8'" },
    { name = "zipp" },
]
sdist = { url = "https://files.pythonhosted.org/packages/a3/82/f6e29c8d5c098b6be61460371c2c5591f4a335923639edec43b3830650a4/importlib_metadata-6.7.0.tar.gz", hash = "sha256:1aaf550d4f73e5d6783e7acb77aec43d49da8017410afae93822cc9cca98c4d4", size = 53569 }
wheels = [
    { url = "https://files.pythonhosted.org/packages/ff/94/64287b38c7de4c90683630338cf28f129decbba0a44f0c6db35a873c73c4/importlib_metadata-6.7.0-py3-none-any.whl", hash = "sha256:cb52082e659e97afc5dac71e79de97d8681de3aa07ff18578330904a9d18e5b5", size = 22934 },
]

[[package]]
name = "setuptools"
version = "68.0.0"
source = { registry = "https://pypi.org/simple" }
sdist = { url = "https://files.pythonhosted.org/packages/dc/98/5f896af066c128669229ff1aa81553ac14cfb3e5e74b6b44594132b8540e/setuptools-68.0.0.tar.gz", hash = "sha256:baf1fdb41c6da4cd2eae722e135500da913332ab3f2f5c7d33af9b492acb5235", size = 2194111 }
wheels = [
    { url = "https://files.pythonhosted.org/packages/c7/42/be1c7bbdd83e1bfb160c94b9cafd8e25efc7400346cf7ccdbdb452c467fa/setuptools-68.0.0-py3-none-any.whl", hash = "sha256:11e52c67415a381d10d6b462ced9cfb97066179f0e871399e006c4ab101fc85f", size = 804037 },
]

[[package]]
name = "types-setuptools"
version = "69.0.0.0"
source = { registry = "https://pypi.org/simple" }
sdist = { url = "https://files.pythonhosted.org/packages/aa/dc/27d4819c27b504bbd2e8ae5aa907fe72c70af8ff90b8b4cdb96316275844/types-setuptools-69.0.0.0.tar.gz", hash = "sha256:b0a06219f628c6527b2f8ce770a4f47550e00d3e8c3ad83e2dc31bc6e6eda95d", size = 33164 }
wheels = [
    { url = "https://files.pythonhosted.org/packages/66/a3/9800e99c4081cb1bff0ec10bf6effb93edc9253ce2ec6db50be1a9d57053/types_setuptools-69.0.0.0-py3-none-any.whl", hash = "sha256:8c86195bae2ad81e6dea900a570fe9d64a59dbce2b11cc63c046b03246ea77bf", size = 51227 },
]

[[package]]
name = "typing-extensions"
version = "4.7.1"
source = { registry = "https://pypi.org/simple" }
sdist = { url = "https://files.pythonhosted.org/packages/3c/8b/0111dd7d6c1478bf83baa1cab85c686426c7a6274119aceb2bd9d35395ad/typing_extensions-4.7.1.tar.gz", hash = "sha256:b75ddc264f0ba5615db7ba217daeb99701ad295353c45f9e95963337ceeeffb2", size = 72876 }
wheels = [
    { url = "https://files.pythonhosted.org/packages/ec/6b/63cc3df74987c36fe26157ee12e09e8f9db4de771e0f3404263117e75b95/typing_extensions-4.7.1-py3-none-any.whl", hash = "sha256:440d5dd3af93b060174bf433bccd69b0babc3b15b1a8dca43789fd7f61514b36", size = 33232 },
]

[[package]]
name = "zipp"
version = "3.15.0"
source = { registry = "https://pypi.org/simple" }
sdist = { url = "https://files.pythonhosted.org/packages/00/27/f0ac6b846684cecce1ee93d32450c45ab607f65c2e0255f0092032d91f07/zipp-3.15.0.tar.gz", hash = "sha256:112929ad649da941c23de50f356a2b5570c954b65150642bccdd66bf194d224b", size = 18454 }
wheels = [
    { url = "https://files.pythonhosted.org/packages/5b/fa/c9e82bbe1af6266adf08afb563905eb87cab83fde00a0a08963510621047/zipp-3.15.0-py3-none-any.whl", hash = "sha256:48904fc76a60e542af151aded95726c1a5c34ed43ab4134b597665c86d7ad556", size = 6758 },
]
